<?xml version="1.0" encoding="utf-8"?>
<Project ToolsVersion="17.0" xmlns="http://schemas.microsoft.com/developer/msbuild/2003">
  <ItemGroup>
    <ClCompile Include="C:\Users\locks\Downloads\AARTZE\AARTZE\AARTZE\editor\app_main.cpp">
      <Filter>Source Files</Filter>
    </ClCompile>
  </ItemGroup>
  <ItemGroup>
    <CustomBuild Include="C:\Users\locks\Downloads\AARTZE\AARTZE\CMakeLists.txt" />
  </ItemGroup>
  <ItemGroup>
    <Filter Include="Source Files">
      <UniqueIdentifier>{9353C7C5-D198-3A86-9509-1C531638B0AB}</UniqueIdentifier>
    </Filter>
  </ItemGroup>
</Project>
