<?xml version="1.0" encoding="utf-8"?>
<Project ToolsVersion="17.0" xmlns="http://schemas.microsoft.com/developer/msbuild/2003">
  <ItemGroup>
    <ClCompile Include="C:\Users\locks\Downloads\AARTZE\AARTZE\AARTZE\ai_worldgen\LearningDB.cpp">
      <Filter>Source Files</Filter>
    </ClCompile>
    <ClCompile Include="C:\Users\locks\Downloads\AARTZE\AARTZE\AARTZE\ai_worldgen\WorldGenerator.cpp">
      <Filter>Source Files</Filter>
    </ClCompile>
    <ClCompile Include="C:\Users\locks\Downloads\AARTZE\AARTZE\AARTZE\audio\AudioSystem.cpp">
      <Filter>Source Files</Filter>
    </ClCompile>
    <ClCompile Include="C:\Users\locks\Downloads\AARTZE\AARTZE\AARTZE\core\Application.cpp">
      <Filter>Source Files</Filter>
    </ClCompile>
    <ClCompile Include="C:\Users\locks\Downloads\AARTZE\AARTZE\AARTZE\core\SystemManager.cpp">
      <Filter>Source Files</Filter>
    </ClCompile>
    <ClCompile Include="C:\Users\locks\Downloads\AARTZE\AARTZE\AARTZE\input\InputHandler.cpp">
      <Filter>Source Files</Filter>
    </ClCompile>
    <ClCompile Include="C:\Users\locks\Downloads\AARTZE\AARTZE\AARTZE\navigation\GridNav.cpp">
      <Filter>Source Files</Filter>
    </ClCompile>
    <ClCompile Include="C:\Users\locks\Downloads\AARTZE\AARTZE\AARTZE\platform\win\FileDialog.cpp">
      <Filter>Source Files</Filter>
    </ClCompile>
    <ClCompile Include="C:\Users\locks\Downloads\AARTZE\AARTZE\AARTZE\runtime\GLMesh.cpp">
      <Filter>Source Files</Filter>
    </ClCompile>
    <ClCompile Include="C:\Users\locks\Downloads\AARTZE\AARTZE\AARTZE\runtime\Importer.cpp">
      <Filter>Source Files</Filter>
    </ClCompile>
    <ClCompile Include="C:\Users\locks\Downloads\AARTZE\AARTZE\AARTZE\runtime\Mesh.cpp">
      <Filter>Source Files</Filter>
    </ClCompile>
    <ClCompile Include="C:\Users\locks\Downloads\AARTZE\AARTZE\AARTZE\runtime\Scene.cpp">
      <Filter>Source Files</Filter>
    </ClCompile>
    <ClCompile Include="C:\Users\locks\Downloads\AARTZE\AARTZE\AARTZE\save\SaveSystem.cpp">
      <Filter>Source Files</Filter>
    </ClCompile>
    <ClCompile Include="C:\Users\locks\Downloads\AARTZE\AARTZE\AARTZE\scripting\LuaVM.cpp">
      <Filter>Source Files</Filter>
    </ClCompile>
    <ClCompile Include="C:\Users\locks\Downloads\AARTZE\AARTZE\AARTZE\systems\AimingSystem\AimingSystem.cpp">
      <Filter>Source Files</Filter>
    </ClCompile>
    <ClCompile Include="C:\Users\locks\Downloads\AARTZE\AARTZE\AARTZE\systems\AnimationSystem\AnimationSystem.cpp">
      <Filter>Source Files</Filter>
    </ClCompile>
    <ClCompile Include="C:\Users\locks\Downloads\AARTZE\AARTZE\AARTZE\systems\DecalSystem\DecalSystem.cpp">
      <Filter>Source Files</Filter>
    </ClCompile>
    <ClCompile Include="C:\Users\locks\Downloads\AARTZE\AARTZE\AARTZE\systems\NavigationSystem\NavigationSystem.cpp">
      <Filter>Source Files</Filter>
    </ClCompile>
    <ClCompile Include="C:\Users\locks\Downloads\AARTZE\AARTZE\AARTZE\systems\PhysicsSystem\PhysicsSystem.cpp">
      <Filter>Source Files</Filter>
    </ClCompile>
    <ClCompile Include="C:\Users\locks\Downloads\AARTZE\AARTZE\AARTZE\systems\RenderingSystem\DeferredRenderer.cpp">
      <Filter>Source Files</Filter>
    </ClCompile>
    <ClCompile Include="C:\Users\locks\Downloads\AARTZE\AARTZE\AARTZE\systems\RenderingSystem\GBuffer.cpp">
      <Filter>Source Files</Filter>
    </ClCompile>
    <ClCompile Include="C:\Users\locks\Downloads\AARTZE\AARTZE\AARTZE\systems\RenderingSystem\RenderResources.cpp">
      <Filter>Source Files</Filter>
    </ClCompile>
    <ClCompile Include="C:\Users\locks\Downloads\AARTZE\AARTZE\AARTZE\systems\RenderingSystem\RenderSettings.cpp">
      <Filter>Source Files</Filter>
    </ClCompile>
    <ClCompile Include="C:\Users\locks\Downloads\AARTZE\AARTZE\AARTZE\systems\RenderingSystem\RenderingSystem.cpp">
      <Filter>Source Files</Filter>
    </ClCompile>
    <ClCompile Include="C:\Users\locks\Downloads\AARTZE\AARTZE\AARTZE\systems\StealthSystem\StealthSystem.cpp">
      <Filter>Source Files</Filter>
    </ClCompile>
    <ClCompile Include="C:\Users\locks\Downloads\AARTZE\AARTZE\AARTZE\systems\StreamingSystem\StreamingSystem.cpp">
      <Filter>Source Files</Filter>
    </ClCompile>
    <ClCompile Include="C:\Users\locks\Downloads\AARTZE\AARTZE\AARTZE\systems\TextRenderingSystem\TextRenderingSystem.cpp">
      <Filter>Source Files</Filter>
    </ClCompile>
    <ClCompile Include="C:\Users\locks\Downloads\AARTZE\AARTZE\AARTZE\systems\TrailEffectSystem\TrailEffectSystem.cpp">
      <Filter>Source Files</Filter>
    </ClCompile>
    <ClCompile Include="C:\Users\locks\Downloads\AARTZE\AARTZE\AARTZE\systems\VehicleSystem\VehicleSystem.cpp">
      <Filter>Source Files</Filter>
    </ClCompile>
    <ClCompile Include="C:\Users\locks\Downloads\AARTZE\AARTZE\AARTZE\systems\WeatherSystem\WeatherSystem.cpp">
      <Filter>Source Files</Filter>
    </ClCompile>
    <ClCompile Include="C:\Users\locks\Downloads\AARTZE\AARTZE\AARTZE\thirdparty\stb_impl.cpp">
      <Filter>Source Files</Filter>
    </ClCompile>
    <ClCompile Include="C:\Users\locks\Downloads\AARTZE\AARTZE\AARTZE\utils\ScriptLoader.cpp">
      <Filter>Source Files</Filter>
    </ClCompile>
    <ClCompile Include="C:\Users\locks\Downloads\AARTZE\AARTZE\AARTZE\editor\EditorActions.cpp">
      <Filter>Source Files</Filter>
    </ClCompile>
    <ClCompile Include="C:\Users\locks\Downloads\AARTZE\AARTZE\AARTZE\editor\EditorState.cpp">
      <Filter>Source Files</Filter>
    </ClCompile>
  </ItemGroup>
  <ItemGroup>
    <CustomBuild Include="C:\Users\locks\Downloads\AARTZE\AARTZE\CMakeLists.txt" />
  </ItemGroup>
  <ItemGroup>
    <Natvis Include="C:\Users\locks\Downloads\AARTZE\AARTZE\build312\vcpkg_installed\x64-windows\share\nlohmann_json\nlohmann_json.natvis" />
  </ItemGroup>
  <ItemGroup>
    <Filter Include="Source Files">
      <UniqueIdentifier>{9353C7C5-D198-3A86-9509-1C531638B0AB}</UniqueIdentifier>
    </Filter>
  </ItemGroup>
</Project>
