
Microsoft Visual Studio Solution File, Format Version 12.00
# Visual Studio Version 17
Project("{8BC9CEB8-8B4A-11D0-8D11-00A0C91BC942}") = "ALL_BUILD", "ALL_BUILD.vcxproj", "{36E93D47-107D-3B52-B8EC-E6BF3AD0F7BD}"
	ProjectSection(ProjectDependencies) = postProject
		{3F7DDBE9-E1EB-3F64-80C1-F82234BA1E7B} = {3F7DDBE9-E1EB-3F64-80C1-F82234BA1E7B}
		{988B95E3-D90F-30C8-AE55-BBF0C5E8C5D4} = {988B95E3-D90F-30C8-AE55-BBF0C5E8C5D4}
		{61621069-7CDD-37C1-91F6-F94EEE0CB924} = {61621069-7CDD-37C1-91F6-F94EEE0CB924}
		{3C9378B2-3C92-391B-A037-D231BA1992A0} = {3C9378B2-3C92-391B-A037-D231BA1992A0}
		{E9AD6D04-AD55-3BE8-A4B6-3A64BCCDA1C5} = {E9AD6D04-AD55-3BE8-A4B6-3A64BCCDA1C5}
		{018BD189-5ACD-36A1-B962-BD4DD9B30AD9} = {018BD189-5ACD-36A1-B962-BD4DD9B30AD9}
		{D51D527B-976A-3215-88E0-DCDCE39AA6A7} = {D51D527B-976A-3215-88E0-DCDCE39AA6A7}
		{0D33BE2C-AFBA-3F6A-B9A5-29B463C0DFF6} = {0D33BE2C-AFBA-3F6A-B9A5-29B463C0DFF6}
		{0E9C16F1-C9D4-31DC-9491-997C472F140C} = {0E9C16F1-C9D4-31DC-9491-997C472F140C}
		{D81C9CCA-EF50-378E-B319-4D848CB258A8} = {D81C9CCA-EF50-378E-B319-4D848CB258A8}
		{67162231-2E9B-31FC-AA0A-60A792F59763} = {67162231-2E9B-31FC-AA0A-60A792F59763}
	EndProjectSection
EndProject
Project("{8BC9CEB8-8B4A-11D0-8D11-00A0C91BC942}") = "ZERO_CHECK", "..\..\\ZERO_CHECK.vcxproj", "{3F7DDBE9-E1EB-3F64-80C1-F82234BA1E7B}"
	ProjectSection(ProjectDependencies) = postProject
	EndProjectSection
EndProject
Project("{8BC9CEB8-8B4A-11D0-8D11-00A0C91BC942}") = "aartze_core", "core\aartze_core.vcxproj", "{988B95E3-D90F-30C8-AE55-BBF0C5E8C5D4}"
	ProjectSection(ProjectDependencies) = postProject
		{3F7DDBE9-E1EB-3F64-80C1-F82234BA1E7B} = {3F7DDBE9-E1EB-3F64-80C1-F82234BA1E7B}
	EndProjectSection
EndProject
Project("{8BC9CEB8-8B4A-11D0-8D11-00A0C91BC942}") = "aartze_ecs", "ecs\aartze_ecs.vcxproj", "{61621069-7CDD-37C1-91F6-F94EEE0CB924}"
	ProjectSection(ProjectDependencies) = postProject
		{3F7DDBE9-E1EB-3F64-80C1-F82234BA1E7B} = {3F7DDBE9-E1EB-3F64-80C1-F82234BA1E7B}
		{988B95E3-D90F-30C8-AE55-BBF0C5E8C5D4} = {988B95E3-D90F-30C8-AE55-BBF0C5E8C5D4}
	EndProjectSection
EndProject
Project("{8BC9CEB8-8B4A-11D0-8D11-00A0C91BC942}") = "aartze_editor_run", "aartze_editor_run.vcxproj", "{0A2C58C4-BC9D-34BA-9632-A11B8E7FB3EA}"
	ProjectSection(ProjectDependencies) = postProject
		{3F7DDBE9-E1EB-3F64-80C1-F82234BA1E7B} = {3F7DDBE9-E1EB-3F64-80C1-F82234BA1E7B}
		{0D33BE2C-AFBA-3F6A-B9A5-29B463C0DFF6} = {0D33BE2C-AFBA-3F6A-B9A5-29B463C0DFF6}
	EndProjectSection
EndProject
Project("{8BC9CEB8-8B4A-11D0-8D11-00A0C91BC942}") = "aartze_geometry", "geometry\aartze_geometry.vcxproj", "{3C9378B2-3C92-391B-A037-D231BA1992A0}"
	ProjectSection(ProjectDependencies) = postProject
		{3F7DDBE9-E1EB-3F64-80C1-F82234BA1E7B} = {3F7DDBE9-E1EB-3F64-80C1-F82234BA1E7B}
		{988B95E3-D90F-30C8-AE55-BBF0C5E8C5D4} = {988B95E3-D90F-30C8-AE55-BBF0C5E8C5D4}
	EndProjectSection
EndProject
Project("{8BC9CEB8-8B4A-11D0-8D11-00A0C91BC942}") = "aartze_import", "import\aartze_import.vcxproj", "{E9AD6D04-AD55-3BE8-A4B6-3A64BCCDA1C5}"
	ProjectSection(ProjectDependencies) = postProject
		{3F7DDBE9-E1EB-3F64-80C1-F82234BA1E7B} = {3F7DDBE9-E1EB-3F64-80C1-F82234BA1E7B}
		{988B95E3-D90F-30C8-AE55-BBF0C5E8C5D4} = {988B95E3-D90F-30C8-AE55-BBF0C5E8C5D4}
	EndProjectSection
EndProject
Project("{8BC9CEB8-8B4A-11D0-8D11-00A0C91BC942}") = "aartze_input", "input\aartze_input.vcxproj", "{018BD189-5ACD-36A1-B962-BD4DD9B30AD9}"
	ProjectSection(ProjectDependencies) = postProject
		{3F7DDBE9-E1EB-3F64-80C1-F82234BA1E7B} = {3F7DDBE9-E1EB-3F64-80C1-F82234BA1E7B}
	EndProjectSection
EndProject
Project("{8BC9CEB8-8B4A-11D0-8D11-00A0C91BC942}") = "aartze_physics", "physics\aartze_physics.vcxproj", "{D51D527B-976A-3215-88E0-DCDCE39AA6A7}"
	ProjectSection(ProjectDependencies) = postProject
		{3F7DDBE9-E1EB-3F64-80C1-F82234BA1E7B} = {3F7DDBE9-E1EB-3F64-80C1-F82234BA1E7B}
		{988B95E3-D90F-30C8-AE55-BBF0C5E8C5D4} = {988B95E3-D90F-30C8-AE55-BBF0C5E8C5D4}
	EndProjectSection
EndProject
Project("{8BC9CEB8-8B4A-11D0-8D11-00A0C91BC942}") = "aartze_py", "scripting\aartze_py.vcxproj", "{0D33BE2C-AFBA-3F6A-B9A5-29B463C0DFF6}"
	ProjectSection(ProjectDependencies) = postProject
		{3F7DDBE9-E1EB-3F64-80C1-F82234BA1E7B} = {3F7DDBE9-E1EB-3F64-80C1-F82234BA1E7B}
		{988B95E3-D90F-30C8-AE55-BBF0C5E8C5D4} = {988B95E3-D90F-30C8-AE55-BBF0C5E8C5D4}
		{018BD189-5ACD-36A1-B962-BD4DD9B30AD9} = {018BD189-5ACD-36A1-B962-BD4DD9B30AD9}
		{0E9C16F1-C9D4-31DC-9491-997C472F140C} = {0E9C16F1-C9D4-31DC-9491-997C472F140C}
	EndProjectSection
EndProject
Project("{8BC9CEB8-8B4A-11D0-8D11-00A0C91BC942}") = "aartze_render", "render\aartze_render.vcxproj", "{0E9C16F1-C9D4-31DC-9491-997C472F140C}"
	ProjectSection(ProjectDependencies) = postProject
		{3F7DDBE9-E1EB-3F64-80C1-F82234BA1E7B} = {3F7DDBE9-E1EB-3F64-80C1-F82234BA1E7B}
		{988B95E3-D90F-30C8-AE55-BBF0C5E8C5D4} = {988B95E3-D90F-30C8-AE55-BBF0C5E8C5D4}
	EndProjectSection
EndProject
Project("{8BC9CEB8-8B4A-11D0-8D11-00A0C91BC942}") = "aartze_sandbox", "aartze_sandbox.vcxproj", "{D81C9CCA-EF50-378E-B319-4D848CB258A8}"
	ProjectSection(ProjectDependencies) = postProject
		{3F7DDBE9-E1EB-3F64-80C1-F82234BA1E7B} = {3F7DDBE9-E1EB-3F64-80C1-F82234BA1E7B}
		{988B95E3-D90F-30C8-AE55-BBF0C5E8C5D4} = {988B95E3-D90F-30C8-AE55-BBF0C5E8C5D4}
		{61621069-7CDD-37C1-91F6-F94EEE0CB924} = {61621069-7CDD-37C1-91F6-F94EEE0CB924}
		{3C9378B2-3C92-391B-A037-D231BA1992A0} = {3C9378B2-3C92-391B-A037-D231BA1992A0}
		{E9AD6D04-AD55-3BE8-A4B6-3A64BCCDA1C5} = {E9AD6D04-AD55-3BE8-A4B6-3A64BCCDA1C5}
		{018BD189-5ACD-36A1-B962-BD4DD9B30AD9} = {018BD189-5ACD-36A1-B962-BD4DD9B30AD9}
		{D51D527B-976A-3215-88E0-DCDCE39AA6A7} = {D51D527B-976A-3215-88E0-DCDCE39AA6A7}
		{0E9C16F1-C9D4-31DC-9491-997C472F140C} = {0E9C16F1-C9D4-31DC-9491-997C472F140C}
		{67162231-2E9B-31FC-AA0A-60A792F59763} = {67162231-2E9B-31FC-AA0A-60A792F59763}
	EndProjectSection
EndProject
Project("{8BC9CEB8-8B4A-11D0-8D11-00A0C91BC942}") = "aartze_scripting", "scripting\aartze_scripting.vcxproj", "{67162231-2E9B-31FC-AA0A-60A792F59763}"
	ProjectSection(ProjectDependencies) = postProject
		{3F7DDBE9-E1EB-3F64-80C1-F82234BA1E7B} = {3F7DDBE9-E1EB-3F64-80C1-F82234BA1E7B}
		{988B95E3-D90F-30C8-AE55-BBF0C5E8C5D4} = {988B95E3-D90F-30C8-AE55-BBF0C5E8C5D4}
		{0E9C16F1-C9D4-31DC-9491-997C472F140C} = {0E9C16F1-C9D4-31DC-9491-997C472F140C}
	EndProjectSection
EndProject
Global
	GlobalSection(SolutionConfigurationPlatforms) = preSolution
		Debug|x64 = Debug|x64
		Release|x64 = Release|x64
		MinSizeRel|x64 = MinSizeRel|x64
		RelWithDebInfo|x64 = RelWithDebInfo|x64
	EndGlobalSection
	GlobalSection(ProjectConfigurationPlatforms) = postSolution
		{36E93D47-107D-3B52-B8EC-E6BF3AD0F7BD}.Debug|x64.ActiveCfg = Debug|x64
		{36E93D47-107D-3B52-B8EC-E6BF3AD0F7BD}.Release|x64.ActiveCfg = Release|x64
		{36E93D47-107D-3B52-B8EC-E6BF3AD0F7BD}.MinSizeRel|x64.ActiveCfg = MinSizeRel|x64
		{36E93D47-107D-3B52-B8EC-E6BF3AD0F7BD}.RelWithDebInfo|x64.ActiveCfg = RelWithDebInfo|x64
		{3F7DDBE9-E1EB-3F64-80C1-F82234BA1E7B}.Debug|x64.ActiveCfg = Debug|x64
		{3F7DDBE9-E1EB-3F64-80C1-F82234BA1E7B}.Debug|x64.Build.0 = Debug|x64
		{3F7DDBE9-E1EB-3F64-80C1-F82234BA1E7B}.Release|x64.ActiveCfg = Release|x64
		{3F7DDBE9-E1EB-3F64-80C1-F82234BA1E7B}.Release|x64.Build.0 = Release|x64
		{3F7DDBE9-E1EB-3F64-80C1-F82234BA1E7B}.MinSizeRel|x64.ActiveCfg = MinSizeRel|x64
		{3F7DDBE9-E1EB-3F64-80C1-F82234BA1E7B}.MinSizeRel|x64.Build.0 = MinSizeRel|x64
		{3F7DDBE9-E1EB-3F64-80C1-F82234BA1E7B}.RelWithDebInfo|x64.ActiveCfg = RelWithDebInfo|x64
		{3F7DDBE9-E1EB-3F64-80C1-F82234BA1E7B}.RelWithDebInfo|x64.Build.0 = RelWithDebInfo|x64
		{988B95E3-D90F-30C8-AE55-BBF0C5E8C5D4}.Debug|x64.ActiveCfg = Debug|x64
		{988B95E3-D90F-30C8-AE55-BBF0C5E8C5D4}.Debug|x64.Build.0 = Debug|x64
		{988B95E3-D90F-30C8-AE55-BBF0C5E8C5D4}.Release|x64.ActiveCfg = Release|x64
		{988B95E3-D90F-30C8-AE55-BBF0C5E8C5D4}.Release|x64.Build.0 = Release|x64
		{988B95E3-D90F-30C8-AE55-BBF0C5E8C5D4}.MinSizeRel|x64.ActiveCfg = MinSizeRel|x64
		{988B95E3-D90F-30C8-AE55-BBF0C5E8C5D4}.MinSizeRel|x64.Build.0 = MinSizeRel|x64
		{988B95E3-D90F-30C8-AE55-BBF0C5E8C5D4}.RelWithDebInfo|x64.ActiveCfg = RelWithDebInfo|x64
		{988B95E3-D90F-30C8-AE55-BBF0C5E8C5D4}.RelWithDebInfo|x64.Build.0 = RelWithDebInfo|x64
		{61621069-7CDD-37C1-91F6-F94EEE0CB924}.Debug|x64.ActiveCfg = Debug|x64
		{61621069-7CDD-37C1-91F6-F94EEE0CB924}.Debug|x64.Build.0 = Debug|x64
		{61621069-7CDD-37C1-91F6-F94EEE0CB924}.Release|x64.ActiveCfg = Release|x64
		{61621069-7CDD-37C1-91F6-F94EEE0CB924}.Release|x64.Build.0 = Release|x64
		{61621069-7CDD-37C1-91F6-F94EEE0CB924}.MinSizeRel|x64.ActiveCfg = MinSizeRel|x64
		{61621069-7CDD-37C1-91F6-F94EEE0CB924}.MinSizeRel|x64.Build.0 = MinSizeRel|x64
		{61621069-7CDD-37C1-91F6-F94EEE0CB924}.RelWithDebInfo|x64.ActiveCfg = RelWithDebInfo|x64
		{61621069-7CDD-37C1-91F6-F94EEE0CB924}.RelWithDebInfo|x64.Build.0 = RelWithDebInfo|x64
		{0A2C58C4-BC9D-34BA-9632-A11B8E7FB3EA}.Debug|x64.ActiveCfg = Debug|x64
		{0A2C58C4-BC9D-34BA-9632-A11B8E7FB3EA}.Release|x64.ActiveCfg = Release|x64
		{0A2C58C4-BC9D-34BA-9632-A11B8E7FB3EA}.MinSizeRel|x64.ActiveCfg = MinSizeRel|x64
		{0A2C58C4-BC9D-34BA-9632-A11B8E7FB3EA}.RelWithDebInfo|x64.ActiveCfg = RelWithDebInfo|x64
		{3C9378B2-3C92-391B-A037-D231BA1992A0}.Debug|x64.ActiveCfg = Debug|x64
		{3C9378B2-3C92-391B-A037-D231BA1992A0}.Debug|x64.Build.0 = Debug|x64
		{3C9378B2-3C92-391B-A037-D231BA1992A0}.Release|x64.ActiveCfg = Release|x64
		{3C9378B2-3C92-391B-A037-D231BA1992A0}.Release|x64.Build.0 = Release|x64
		{3C9378B2-3C92-391B-A037-D231BA1992A0}.MinSizeRel|x64.ActiveCfg = MinSizeRel|x64
		{3C9378B2-3C92-391B-A037-D231BA1992A0}.MinSizeRel|x64.Build.0 = MinSizeRel|x64
		{3C9378B2-3C92-391B-A037-D231BA1992A0}.RelWithDebInfo|x64.ActiveCfg = RelWithDebInfo|x64
		{3C9378B2-3C92-391B-A037-D231BA1992A0}.RelWithDebInfo|x64.Build.0 = RelWithDebInfo|x64
		{E9AD6D04-AD55-3BE8-A4B6-3A64BCCDA1C5}.Debug|x64.ActiveCfg = Debug|x64
		{E9AD6D04-AD55-3BE8-A4B6-3A64BCCDA1C5}.Debug|x64.Build.0 = Debug|x64
		{E9AD6D04-AD55-3BE8-A4B6-3A64BCCDA1C5}.Release|x64.ActiveCfg = Release|x64
		{E9AD6D04-AD55-3BE8-A4B6-3A64BCCDA1C5}.Release|x64.Build.0 = Release|x64
		{E9AD6D04-AD55-3BE8-A4B6-3A64BCCDA1C5}.MinSizeRel|x64.ActiveCfg = MinSizeRel|x64
		{E9AD6D04-AD55-3BE8-A4B6-3A64BCCDA1C5}.MinSizeRel|x64.Build.0 = MinSizeRel|x64
		{E9AD6D04-AD55-3BE8-A4B6-3A64BCCDA1C5}.RelWithDebInfo|x64.ActiveCfg = RelWithDebInfo|x64
		{E9AD6D04-AD55-3BE8-A4B6-3A64BCCDA1C5}.RelWithDebInfo|x64.Build.0 = RelWithDebInfo|x64
		{018BD189-5ACD-36A1-B962-BD4DD9B30AD9}.Debug|x64.ActiveCfg = Debug|x64
		{018BD189-5ACD-36A1-B962-BD4DD9B30AD9}.Debug|x64.Build.0 = Debug|x64
		{018BD189-5ACD-36A1-B962-BD4DD9B30AD9}.Release|x64.ActiveCfg = Release|x64
		{018BD189-5ACD-36A1-B962-BD4DD9B30AD9}.Release|x64.Build.0 = Release|x64
		{018BD189-5ACD-36A1-B962-BD4DD9B30AD9}.MinSizeRel|x64.ActiveCfg = MinSizeRel|x64
		{018BD189-5ACD-36A1-B962-BD4DD9B30AD9}.MinSizeRel|x64.Build.0 = MinSizeRel|x64
		{018BD189-5ACD-36A1-B962-BD4DD9B30AD9}.RelWithDebInfo|x64.ActiveCfg = RelWithDebInfo|x64
		{018BD189-5ACD-36A1-B962-BD4DD9B30AD9}.RelWithDebInfo|x64.Build.0 = RelWithDebInfo|x64
		{D51D527B-976A-3215-88E0-DCDCE39AA6A7}.Debug|x64.ActiveCfg = Debug|x64
		{D51D527B-976A-3215-88E0-DCDCE39AA6A7}.Debug|x64.Build.0 = Debug|x64
		{D51D527B-976A-3215-88E0-DCDCE39AA6A7}.Release|x64.ActiveCfg = Release|x64
		{D51D527B-976A-3215-88E0-DCDCE39AA6A7}.Release|x64.Build.0 = Release|x64
		{D51D527B-976A-3215-88E0-DCDCE39AA6A7}.MinSizeRel|x64.ActiveCfg = MinSizeRel|x64
		{D51D527B-976A-3215-88E0-DCDCE39AA6A7}.MinSizeRel|x64.Build.0 = MinSizeRel|x64
		{D51D527B-976A-3215-88E0-DCDCE39AA6A7}.RelWithDebInfo|x64.ActiveCfg = RelWithDebInfo|x64
		{D51D527B-976A-3215-88E0-DCDCE39AA6A7}.RelWithDebInfo|x64.Build.0 = RelWithDebInfo|x64
		{0D33BE2C-AFBA-3F6A-B9A5-29B463C0DFF6}.Debug|x64.ActiveCfg = Debug|x64
		{0D33BE2C-AFBA-3F6A-B9A5-29B463C0DFF6}.Debug|x64.Build.0 = Debug|x64
		{0D33BE2C-AFBA-3F6A-B9A5-29B463C0DFF6}.Release|x64.ActiveCfg = Release|x64
		{0D33BE2C-AFBA-3F6A-B9A5-29B463C0DFF6}.Release|x64.Build.0 = Release|x64
		{0D33BE2C-AFBA-3F6A-B9A5-29B463C0DFF6}.MinSizeRel|x64.ActiveCfg = MinSizeRel|x64
		{0D33BE2C-AFBA-3F6A-B9A5-29B463C0DFF6}.MinSizeRel|x64.Build.0 = MinSizeRel|x64
		{0D33BE2C-AFBA-3F6A-B9A5-29B463C0DFF6}.RelWithDebInfo|x64.ActiveCfg = RelWithDebInfo|x64
		{0D33BE2C-AFBA-3F6A-B9A5-29B463C0DFF6}.RelWithDebInfo|x64.Build.0 = RelWithDebInfo|x64
		{0E9C16F1-C9D4-31DC-9491-997C472F140C}.Debug|x64.ActiveCfg = Debug|x64
		{0E9C16F1-C9D4-31DC-9491-997C472F140C}.Debug|x64.Build.0 = Debug|x64
		{0E9C16F1-C9D4-31DC-9491-997C472F140C}.Release|x64.ActiveCfg = Release|x64
		{0E9C16F1-C9D4-31DC-9491-997C472F140C}.Release|x64.Build.0 = Release|x64
		{0E9C16F1-C9D4-31DC-9491-997C472F140C}.MinSizeRel|x64.ActiveCfg = MinSizeRel|x64
		{0E9C16F1-C9D4-31DC-9491-997C472F140C}.MinSizeRel|x64.Build.0 = MinSizeRel|x64
		{0E9C16F1-C9D4-31DC-9491-997C472F140C}.RelWithDebInfo|x64.ActiveCfg = RelWithDebInfo|x64
		{0E9C16F1-C9D4-31DC-9491-997C472F140C}.RelWithDebInfo|x64.Build.0 = RelWithDebInfo|x64
		{D81C9CCA-EF50-378E-B319-4D848CB258A8}.Debug|x64.ActiveCfg = Debug|x64
		{D81C9CCA-EF50-378E-B319-4D848CB258A8}.Debug|x64.Build.0 = Debug|x64
		{D81C9CCA-EF50-378E-B319-4D848CB258A8}.Release|x64.ActiveCfg = Release|x64
		{D81C9CCA-EF50-378E-B319-4D848CB258A8}.Release|x64.Build.0 = Release|x64
		{D81C9CCA-EF50-378E-B319-4D848CB258A8}.MinSizeRel|x64.ActiveCfg = MinSizeRel|x64
		{D81C9CCA-EF50-378E-B319-4D848CB258A8}.MinSizeRel|x64.Build.0 = MinSizeRel|x64
		{D81C9CCA-EF50-378E-B319-4D848CB258A8}.RelWithDebInfo|x64.ActiveCfg = RelWithDebInfo|x64
		{D81C9CCA-EF50-378E-B319-4D848CB258A8}.RelWithDebInfo|x64.Build.0 = RelWithDebInfo|x64
		{67162231-2E9B-31FC-AA0A-60A792F59763}.Debug|x64.ActiveCfg = Debug|x64
		{67162231-2E9B-31FC-AA0A-60A792F59763}.Debug|x64.Build.0 = Debug|x64
		{67162231-2E9B-31FC-AA0A-60A792F59763}.Release|x64.ActiveCfg = Release|x64
		{67162231-2E9B-31FC-AA0A-60A792F59763}.Release|x64.Build.0 = Release|x64
		{67162231-2E9B-31FC-AA0A-60A792F59763}.MinSizeRel|x64.ActiveCfg = MinSizeRel|x64
		{67162231-2E9B-31FC-AA0A-60A792F59763}.MinSizeRel|x64.Build.0 = MinSizeRel|x64
		{67162231-2E9B-31FC-AA0A-60A792F59763}.RelWithDebInfo|x64.ActiveCfg = RelWithDebInfo|x64
		{67162231-2E9B-31FC-AA0A-60A792F59763}.RelWithDebInfo|x64.Build.0 = RelWithDebInfo|x64
	EndGlobalSection
	GlobalSection(ExtensibilityGlobals) = postSolution
		SolutionGuid = {02DC6486-6787-346F-AEC2-D941794B37C0}
	EndGlobalSection
	GlobalSection(ExtensibilityAddIns) = postSolution
	EndGlobalSection
EndGlobal
