<?xml version="1.0" encoding="utf-8"?>
<Project ToolsVersion="17.0" xmlns="http://schemas.microsoft.com/developer/msbuild/2003">
  <ItemGroup>
    <CustomBuild Include="C:\Users\locks\Downloads\AARTZE\AARTZE\build312\CMakeFiles\5296d8f92193c53380e1d01bc9f03559\run_editor.rule">
      <Filter>CMake Rules</Filter>
    </CustomBuild>
    <CustomBuild Include="C:\Users\locks\Downloads\AARTZE\AARTZE\python_bindings\CMakeLists.txt" />
  </ItemGroup>
  <ItemGroup>
    <None Include="C:\Users\locks\Downloads\AARTZE\AARTZE\build312\python_bindings\CMakeFiles\run_editor" />
  </ItemGroup>
  <ItemGroup>
    <Filter Include="CMake Rules">
      <UniqueIdentifier>{2AB75845-EB7C-33B3-9DEF-2B836F18CD9E}</UniqueIdentifier>
    </Filter>
  </ItemGroup>
</Project>
